
Microsoft Visual Studio Solution File, Format Version 12.00
# Visual Studio Version 17
VisualStudioVersion = 17.6.33829.357
MinimumVisualStudioVersion = 10.0.40219.1
Project("{9A19103F-16F7-4668-BE54-9A1E7A4F7556}") = "Store Locator Website", "Website\Store Locator Website.csproj", "{F43250BD-166E-4924-8552-2379E619AF67}"
EndProject
Project("{2150E333-8FDC-42A3-9474-1A3956D46DE8}") = "Solution Items", "Solution Items", "{FA837F95-9297-4A2C-A2EE-552FF7762BBD}"
	ProjectSection(SolutionItems) = preProject
		CONTRIBUTING.md = CONTRIBUTING.md
		LICENSE.md = LICENSE.md
		README.md = README.md
		SECURITY.md = SECURITY.md
	EndProjectSection
EndProject
Project("{9A19103F-16F7-4668-BE54-9A1E7A4F7556}") = "Demo Data Injector", "Data\Demo Data Injector.csproj", "{C3016918-2548-4162-ABFE-15CF551CE5D8}"
EndProject
Project("{9A19103F-16F7-4668-BE54-9A1E7A4F7556}") = "Store Locator Models", "Models\Store Locator Models.csproj", "{E5C2D45C-A45B-49E4-B9FE-680B10471B40}"
EndProject
Project("{2150E333-8FDC-42A3-9474-1A3956D46DE8}") = "Deployment", "Deployment", "{CBD0F4EA-D4A7-48FE-8B28-04FA4D4725D5}"
	ProjectSection(SolutionItems) = preProject
		Deployment\storelocator.ps1 = Deployment\storelocator.ps1
	EndProjectSection
EndProject
Project("{2150E333-8FDC-42A3-9474-1A3956D46DE8}") = "Images", "Images", "{C442C44A-5C86-40CC-ACB9-4B476EE0BC64}"
	ProjectSection(SolutionItems) = preProject
		Images\Animation.gif = Images\Animation.gif
		Images\Architecture.png = Images\Architecture.png
		Images\Secrets.png = Images\Secrets.png
	EndProjectSection
EndProject
Global
	GlobalSection(SolutionConfigurationPlatforms) = preSolution
		Debug|Any CPU = Debug|Any CPU
		Release|Any CPU = Release|Any CPU
	EndGlobalSection
	GlobalSection(ProjectConfigurationPlatforms) = postSolution
		{F43250BD-166E-4924-8552-2379E619AF67}.Debug|Any CPU.ActiveCfg = Debug|Any CPU
		{F43250BD-166E-4924-8552-2379E619AF67}.Debug|Any CPU.Build.0 = Debug|Any CPU
		{F43250BD-166E-4924-8552-2379E619AF67}.Release|Any CPU.ActiveCfg = Release|Any CPU
		{F43250BD-166E-4924-8552-2379E619AF67}.Release|Any CPU.Build.0 = Release|Any CPU
		{C3016918-2548-4162-ABFE-15CF551CE5D8}.Debug|Any CPU.ActiveCfg = Debug|Any CPU
		{C3016918-2548-4162-ABFE-15CF551CE5D8}.Debug|Any CPU.Build.0 = Debug|Any CPU
		{C3016918-2548-4162-ABFE-15CF551CE5D8}.Release|Any CPU.ActiveCfg = Release|Any CPU
		{C3016918-2548-4162-ABFE-15CF551CE5D8}.Release|Any CPU.Build.0 = Release|Any CPU
		{E5C2D45C-A45B-49E4-B9FE-680B10471B40}.Debug|Any CPU.ActiveCfg = Debug|Any CPU
		{E5C2D45C-A45B-49E4-B9FE-680B10471B40}.Debug|Any CPU.Build.0 = Debug|Any CPU
		{E5C2D45C-A45B-49E4-B9FE-680B10471B40}.Release|Any CPU.ActiveCfg = Release|Any CPU
		{E5C2D45C-A45B-49E4-B9FE-680B10471B40}.Release|Any CPU.Build.0 = Release|Any CPU
	EndGlobalSection
	GlobalSection(SolutionProperties) = preSolution
		HideSolutionNode = FALSE
	EndGlobalSection
	GlobalSection(ExtensibilityGlobals) = postSolution
		SolutionGuid = {0F4A17A5-E27C-45FA-8FC7-B81C2AF403CA}
	EndGlobalSection
EndGlobal
